
Microsoft Visual Studio Solution File, Format Version 12.00
# Visual Studio Version 16
VisualStudioVersion = 16.0.29926.136
MinimumVisualStudioVersion = 10.0.40219.1
Project("{FAE04EC0-301F-11D3-BF4B-00C04F79EFBC}") = "XClipper.App", "XClipper.App\XClipper.App.csproj", "{2BFEE04A-C059-4D0E-BD35-2C15B61E7A06}"
EndProject
Project("{2150E333-8FDC-42A3-9474-1A3956D46DE8}") = "Solution Items", "Solution Items", "{6336EDA3-343F-47CF-9E18-4DDA279A944F}"
	ProjectSection(SolutionItems) = preProject
		.editorconfig = .editorconfig
	EndProjectSection
EndProject
Project("{FAE04EC0-301F-11D3-BF4B-00C04F79EFBC}") = "XClipper.Core", "XClipper.Core\XClipper.Core.csproj", "{F6B7AE1F-816E-46A1-B6A8-F7C84B1482F9}"
EndProject
Project("{FAE04EC0-301F-11D3-BF4B-00C04F79EFBC}") = "XClipper.Protect", "XClipper.Protect\XClipper.Protect.csproj", "{B9CF89E8-5106-4627-B93B-0068048DC37B}"
EndProject
Project("{FAE04EC0-301F-11D3-BF4B-00C04F79EFBC}") = "XClipper.Tests", "XClipper.Tests\XClipper.Tests.csproj", "{E1516FA5-EE2B-46B0-BFB1-D4C590F6C8A0}"
EndProject
Project("{FAE04EC0-301F-11D3-BF4B-00C04F79EFBC}") = "XClipper.Android", "XClipper.Android\XClipper.Android.csproj", "{D88DCE68-84ED-4715-B6C8-7C131698B853}"
EndProject
Global
	GlobalSection(SolutionConfigurationPlatforms) = preSolution
		Debug|Any CPU = Debug|Any CPU
		Release|Any CPU = Release|Any CPU
	EndGlobalSection
	GlobalSection(ProjectConfigurationPlatforms) = postSolution
		{2BFEE04A-C059-4D0E-BD35-2C15B61E7A06}.Debug|Any CPU.ActiveCfg = Debug|Any CPU
		{2BFEE04A-C059-4D0E-BD35-2C15B61E7A06}.Debug|Any CPU.Build.0 = Debug|Any CPU
		{2BFEE04A-C059-4D0E-BD35-2C15B61E7A06}.Release|Any CPU.ActiveCfg = Release|Any CPU
		{2BFEE04A-C059-4D0E-BD35-2C15B61E7A06}.Release|Any CPU.Build.0 = Release|Any CPU
		{F6B7AE1F-816E-46A1-B6A8-F7C84B1482F9}.Debug|Any CPU.ActiveCfg = Debug|Any CPU
		{F6B7AE1F-816E-46A1-B6A8-F7C84B1482F9}.Debug|Any CPU.Build.0 = Debug|Any CPU
		{F6B7AE1F-816E-46A1-B6A8-F7C84B1482F9}.Release|Any CPU.ActiveCfg = Release|Any CPU
		{F6B7AE1F-816E-46A1-B6A8-F7C84B1482F9}.Release|Any CPU.Build.0 = Release|Any CPU
		{B9CF89E8-5106-4627-B93B-0068048DC37B}.Debug|Any CPU.ActiveCfg = Debug|Any CPU
		{B9CF89E8-5106-4627-B93B-0068048DC37B}.Debug|Any CPU.Build.0 = Debug|Any CPU
		{B9CF89E8-5106-4627-B93B-0068048DC37B}.Release|Any CPU.ActiveCfg = Release|Any CPU
		{B9CF89E8-5106-4627-B93B-0068048DC37B}.Release|Any CPU.Build.0 = Release|Any CPU
		{E1516FA5-EE2B-46B0-BFB1-D4C590F6C8A0}.Debug|Any CPU.ActiveCfg = Debug|Any CPU
		{E1516FA5-EE2B-46B0-BFB1-D4C590F6C8A0}.Debug|Any CPU.Build.0 = Debug|Any CPU
		{E1516FA5-EE2B-46B0-BFB1-D4C590F6C8A0}.Release|Any CPU.ActiveCfg = Release|Any CPU
		{E1516FA5-EE2B-46B0-BFB1-D4C590F6C8A0}.Release|Any CPU.Build.0 = Release|Any CPU
		{D88DCE68-84ED-4715-B6C8-7C131698B853}.Debug|Any CPU.ActiveCfg = Debug|Any CPU
		{D88DCE68-84ED-4715-B6C8-7C131698B853}.Debug|Any CPU.Build.0 = Debug|Any CPU
		{D88DCE68-84ED-4715-B6C8-7C131698B853}.Debug|Any CPU.Deploy.0 = Debug|Any CPU
		{D88DCE68-84ED-4715-B6C8-7C131698B853}.Release|Any CPU.ActiveCfg = Release|Any CPU
		{D88DCE68-84ED-4715-B6C8-7C131698B853}.Release|Any CPU.Build.0 = Release|Any CPU
		{D88DCE68-84ED-4715-B6C8-7C131698B853}.Release|Any CPU.Deploy.0 = Release|Any CPU
	EndGlobalSection
	GlobalSection(SolutionProperties) = preSolution
		HideSolutionNode = FALSE
	EndGlobalSection
	GlobalSection(ExtensibilityGlobals) = postSolution
		SolutionGuid = {0A28DD1F-BC23-463C-B6C5-1046F52A38BE}
	EndGlobalSection
EndGlobal
